// !$*UTF8*$!
{
	archiveVersion = 1;
	classes = {
	};
	objectVersion = 48;
	objects = {

/* Begin PBXBuildFile section */
		8131EADC1F9AF05000F8818D /* AppDelegate.m in Sources */ = {isa = PBXBuildFile; fileRef = 8131EADB1F9AF05000F8818D /* AppDelegate.m */; };
		8131EADF1F9AF05000F8818D /* ViewController.m in Sources */ = {isa = PBXBuildFile; fileRef = 8131EADE1F9AF05000F8818D /* ViewController.m */; };
		8131EAE21F9AF05000F8818D /* Main.storyboard in Resources */ = {isa = PBXBuildFile; fileRef = 8131EAE01F9AF05000F8818D /* Main.storyboard */; };
		8131EAE41F9AF05000F8818D /* Assets.xcassets in Resources */ = {isa = PBXBuildFile; fileRef = 8131EAE31F9AF05000F8818D /* Assets.xcassets */; };
		8131EAE71F9AF05000F8818D /* LaunchScreen.storyboard in Resources */ = {isa = PBXBuildFile; fileRef = 8131EAE51F9AF05000F8818D /* LaunchScreen.storyboard */; };
		8131EAEA1F9AF05000F8818D /* main.m in Sources */ = {isa = PBXBuildFile; fileRef = 8131EAE91F9AF05000F8818D /* main.m */; };
		81A4F32A1F9C1D550019DC8E /* UIButton+CXSAdded.m in Sources */ = {isa = PBXBuildFile; fileRef = 81A4F30B1F9C1D510019DC8E /* UIButton+CXSAdded.m */; };
		81A4F32B1F9C1D550019DC8E /* UIImage+RTTint.m in Sources */ = {isa = PBXBuildFile; fileRef = 81A4F3101F9C1D520019DC8E /* UIImage+RTTint.m */; };
		81A4F32C1F9C1D550019DC8E /* NSLocale+CXSAdded.m in Sources */ = {isa = PBXBuildFile; fileRef = 81A4F3121F9C1D520019DC8E /* NSLocale+CXSAdded.m */; };
		81A4F32D1F9C1D550019DC8E /* NSNumber+CXSAdded.m in Sources */ = {isa = PBXBuildFile; fileRef = 81A4F3141F9C1D520019DC8E /* NSNumber+CXSAdded.m */; };
		81A4F32E1F9C1D550019DC8E /* UIDevice+CXSAdded.m in Sources */ = {isa = PBXBuildFile; fileRef = 81A4F3171F9C1D520019DC8E /* UIDevice+CXSAdded.m */; };
		81A4F32F1F9C1D550019DC8E /* UITableViewCell+CXSAdded.m in Sources */ = {isa = PBXBuildFile; fileRef = 81A4F3191F9C1D530019DC8E /* UITableViewCell+CXSAdded.m */; };
		81A4F3301F9C1D550019DC8E /* UIColor+CXSAdded.m in Sources */ = {isa = PBXBuildFile; fileRef = 81A4F31A1F9C1D530019DC8E /* UIColor+CXSAdded.m */; };
		81A4F3311F9C1D550019DC8E /* UIImageView+CXSAdd.m in Sources */ = {isa = PBXBuildFile; fileRef = 81A4F31E1F9C1D530019DC8E /* UIImageView+CXSAdd.m */; };
		81A4F3321F9C1D550019DC8E /* NSDate+CXSAdded.m in Sources */ = {isa = PBXBuildFile; fileRef = 81A4F31F1F9C1D530019DC8E /* NSDate+CXSAdded.m */; };
		81A4F3331F9C1D550019DC8E /* UIFont+CXSAdd.m in Sources */ = {isa = PBXBuildFile; fileRef = 81A4F3201F9C1D530019DC8E /* UIFont+CXSAdd.m */; };
		81A4F3341F9C1D550019DC8E /* NSString+CXSAdded.m in Sources */ = {isa = PBXBuildFile; fileRef = 81A4F3211F9C1D540019DC8E /* NSString+CXSAdded.m */; };
		81A4F3351F9C1D550019DC8E /* UIApplication+CXSAdded.m in Sources */ = {isa = PBXBuildFile; fileRef = 81A4F3231F9C1D540019DC8E /* UIApplication+CXSAdded.m */; };
		81A4F3361F9C1D550019DC8E /* NSURL+CXSAdd.m in Sources */ = {isa = PBXBuildFile; fileRef = 81A4F3241F9C1D540019DC8E /* NSURL+CXSAdd.m */; };
		81A4F3371F9C1D550019DC8E /* UITableView+CXSAdded.m in Sources */ = {isa = PBXBuildFile; fileRef = 81A4F3261F9C1D540019DC8E /* UITableView+CXSAdded.m */; };
		81A4F3381F9C1D550019DC8E /* UIImage+CXSAdded.m in Sources */ = {isa = PBXBuildFile; fileRef = 81A4F3281F9C1D540019DC8E /* UIImage+CXSAdded.m */; };
/* End PBXBuildFile section */

/* Begin PBXFileReference section */
		8131EAD71F9AF05000F8818D /* SGKit.app */ = {isa = PBXFileReference; explicitFileType = wrapper.application; includeInIndex = 0; path = SGKit.app; sourceTree = BUILT_PRODUCTS_DIR; };
		8131EADA1F9AF05000F8818D /* AppDelegate.h */ = {isa = PBXFileReference; lastKnownFileType = sourcecode.c.h; path = AppDelegate.h; sourceTree = "<group>"; };
		8131EADB1F9AF05000F8818D /* AppDelegate.m */ = {isa = PBXFileReference; lastKnownFileType = sourcecode.c.objc; path = AppDelegate.m; sourceTree = "<group>"; };
		8131EADD1F9AF05000F8818D /* ViewController.h */ = {isa = PBXFileReference; lastKnownFileType = sourcecode.c.h; path = ViewController.h; sourceTree = "<group>"; };
		8131EADE1F9AF05000F8818D /* ViewController.m */ = {isa = PBXFileReference; lastKnownFileType = sourcecode.c.objc; path = ViewController.m; sourceTree = "<group>"; };
		8131EAE11F9AF05000F8818D /* Base */ = {isa = PBXFileReference; lastKnownFileType = file.storyboard; name = Base; path = Base.lproj/Main.storyboard; sourceTree = "<group>"; };
		8131EAE31F9AF05000F8818D /* Assets.xcassets */ = {isa = PBXFileReference; lastKnownFileType = folder.assetcatalog; path = Assets.xcassets; sourceTree = "<group>"; };
		8131EAE61F9AF05000F8818D /* Base */ = {isa = PBXFileReference; lastKnownFileType = file.storyboard; name = Base; path = Base.lproj/LaunchScreen.storyboard; sourceTree = "<group>"; };
		8131EAE81F9AF05000F8818D /* Info.plist */ = {isa = PBXFileReference; lastKnownFileType = text.plist.xml; path = Info.plist; sourceTree = "<group>"; };
		8131EAE91F9AF05000F8818D /* main.m */ = {isa = PBXFileReference; lastKnownFileType = sourcecode.c.objc; path = main.m; sourceTree = "<group>"; };
		81A4F30B1F9C1D510019DC8E /* UIButton+CXSAdded.m */ = {isa = PBXFileReference; fileEncoding = 4; lastKnownFileType = sourcecode.c.objc; path = "UIButton+CXSAdded.m"; sourceTree = "<group>"; };
		81A4F30C1F9C1D520019DC8E /* UITableViewCell+CXSAdded.h */ = {isa = PBXFileReference; fileEncoding = 4; lastKnownFileType = sourcecode.c.h; path = "UITableViewCell+CXSAdded.h"; sourceTree = "<group>"; };
		81A4F30D1F9C1D520019DC8E /* UIImage+CXSAdded.h */ = {isa = PBXFileReference; fileEncoding = 4; lastKnownFileType = sourcecode.c.h; path = "UIImage+CXSAdded.h"; sourceTree = "<group>"; };
		81A4F30E1F9C1D520019DC8E /* NSString+CXSAdded.h */ = {isa = PBXFileReference; fileEncoding = 4; lastKnownFileType = sourcecode.c.h; path = "NSString+CXSAdded.h"; sourceTree = "<group>"; };
		81A4F30F1F9C1D520019DC8E /* NSURL+CXSAdd.h */ = {isa = PBXFileReference; fileEncoding = 4; lastKnownFileType = sourcecode.c.h; path = "NSURL+CXSAdd.h"; sourceTree = "<group>"; };
		81A4F3101F9C1D520019DC8E /* UIImage+RTTint.m */ = {isa = PBXFileReference; fileEncoding = 4; lastKnownFileType = sourcecode.c.objc; path = "UIImage+RTTint.m"; sourceTree = "<group>"; };
		81A4F3111F9C1D520019DC8E /* NSLocale+CXSAdded.h */ = {isa = PBXFileReference; fileEncoding = 4; lastKnownFileType = sourcecode.c.h; path = "NSLocale+CXSAdded.h"; sourceTree = "<group>"; };
		81A4F3121F9C1D520019DC8E /* NSLocale+CXSAdded.m */ = {isa = PBXFileReference; fileEncoding = 4; lastKnownFileType = sourcecode.c.objc; path = "NSLocale+CXSAdded.m"; sourceTree = "<group>"; };
		81A4F3131F9C1D520019DC8E /* CSXCategory.h */ = {isa = PBXFileReference; fileEncoding = 4; lastKnownFileType = sourcecode.c.h; path = CSXCategory.h; sourceTree = "<group>"; };
		81A4F3141F9C1D520019DC8E /* NSNumber+CXSAdded.m */ = {isa = PBXFileReference; fileEncoding = 4; lastKnownFileType = sourcecode.c.objc; path = "NSNumber+CXSAdded.m"; sourceTree = "<group>"; };
		81A4F3151F9C1D520019DC8E /* NSNumber+CXSAdded.h */ = {isa = PBXFileReference; fileEncoding = 4; lastKnownFileType = sourcecode.c.h; path = "NSNumber+CXSAdded.h"; sourceTree = "<group>"; };
		81A4F3161F9C1D520019DC8E /* UIApplication+CXSAdded.h */ = {isa = PBXFileReference; fileEncoding = 4; lastKnownFileType = sourcecode.c.h; path = "UIApplication+CXSAdded.h"; sourceTree = "<group>"; };
		81A4F3171F9C1D520019DC8E /* UIDevice+CXSAdded.m */ = {isa = PBXFileReference; fileEncoding = 4; lastKnownFileType = sourcecode.c.objc; path = "UIDevice+CXSAdded.m"; sourceTree = "<group>"; };
		81A4F3181F9C1D530019DC8E /* UIButton+CXSAdded.h */ = {isa = PBXFileReference; fileEncoding = 4; lastKnownFileType = sourcecode.c.h; path = "UIButton+CXSAdded.h"; sourceTree = "<group>"; };
		81A4F3191F9C1D530019DC8E /* UITableViewCell+CXSAdded.m */ = {isa = PBXFileReference; fileEncoding = 4; lastKnownFileType = sourcecode.c.objc; path = "UITableViewCell+CXSAdded.m"; sourceTree = "<group>"; };
		81A4F31A1F9C1D530019DC8E /* UIColor+CXSAdded.m */ = {isa = PBXFileReference; fileEncoding = 4; lastKnownFileType = sourcecode.c.objc; path = "UIColor+CXSAdded.m"; sourceTree = "<group>"; };
		81A4F31B1F9C1D530019DC8E /* UIDevice+CXSAdded.h */ = {isa = PBXFileReference; fileEncoding = 4; lastKnownFileType = sourcecode.c.h; path = "UIDevice+CXSAdded.h"; sourceTree = "<group>"; };
		81A4F31C1F9C1D530019DC8E /* UIFont+CXSAdd.h */ = {isa = PBXFileReference; fileEncoding = 4; lastKnownFileType = sourcecode.c.h; path = "UIFont+CXSAdd.h"; sourceTree = "<group>"; };
		81A4F31D1F9C1D530019DC8E /* NSDate+CXSAdded.h */ = {isa = PBXFileReference; fileEncoding = 4; lastKnownFileType = sourcecode.c.h; path = "NSDate+CXSAdded.h"; sourceTree = "<group>"; };
		81A4F31E1F9C1D530019DC8E /* UIImageView+CXSAdd.m */ = {isa = PBXFileReference; fileEncoding = 4; lastKnownFileType = sourcecode.c.objc; path = "UIImageView+CXSAdd.m"; sourceTree = "<group>"; };
		81A4F31F1F9C1D530019DC8E /* NSDate+CXSAdded.m */ = {isa = PBXFileReference; fileEncoding = 4; lastKnownFileType = sourcecode.c.objc; path = "NSDate+CXSAdded.m"; sourceTree = "<group>"; };
		81A4F3201F9C1D530019DC8E /* UIFont+CXSAdd.m */ = {isa = PBXFileReference; fileEncoding = 4; lastKnownFileType = sourcecode.c.objc; path = "UIFont+CXSAdd.m"; sourceTree = "<group>"; };
		81A4F3211F9C1D540019DC8E /* NSString+CXSAdded.m */ = {isa = PBXFileReference; fileEncoding = 4; lastKnownFileType = sourcecode.c.objc; path = "NSString+CXSAdded.m"; sourceTree = "<group>"; };
		81A4F3221F9C1D540019DC8E /* UIImageView+CXSAdd.h */ = {isa = PBXFileReference; fileEncoding = 4; lastKnownFileType = sourcecode.c.h; path = "UIImageView+CXSAdd.h"; sourceTree = "<group>"; };
		81A4F3231F9C1D540019DC8E /* UIApplication+CXSAdded.m */ = {isa = PBXFileReference; fileEncoding = 4; lastKnownFileType = sourcecode.c.objc; path = "UIApplication+CXSAdded.m"; sourceTree = "<group>"; };
		81A4F3241F9C1D540019DC8E /* NSURL+CXSAdd.m */ = {isa = PBXFileReference; fileEncoding = 4; lastKnownFileType = sourcecode.c.objc; path = "NSURL+CXSAdd.m"; sourceTree = "<group>"; };
		81A4F3251F9C1D540019DC8E /* UITableView+CXSAdded.h */ = {isa = PBXFileReference; fileEncoding = 4; lastKnownFileType = sourcecode.c.h; path = "UITableView+CXSAdded.h"; sourceTree = "<group>"; };
		81A4F3261F9C1D540019DC8E /* UITableView+CXSAdded.m */ = {isa = PBXFileReference; fileEncoding = 4; lastKnownFileType = sourcecode.c.objc; path = "UITableView+CXSAdded.m"; sourceTree = "<group>"; };
		81A4F3271F9C1D540019DC8E /* UIImage+RTTint.h */ = {isa = PBXFileReference; fileEncoding = 4; lastKnownFileType = sourcecode.c.h; path = "UIImage+RTTint.h"; sourceTree = "<group>"; };
		81A4F3281F9C1D540019DC8E /* UIImage+CXSAdded.m */ = {isa = PBXFileReference; fileEncoding = 4; lastKnownFileType = sourcecode.c.objc; path = "UIImage+CXSAdded.m"; sourceTree = "<group>"; };
		81A4F3291F9C1D550019DC8E /* UIColor+CXSAdded.h */ = {isa = PBXFileReference; fileEncoding = 4; lastKnownFileType = sourcecode.c.h; path = "UIColor+CXSAdded.h"; sourceTree = "<group>"; };
/* End PBXFileReference section */

/* Begin PBXFrameworksBuildPhase section */
		8131EAD41F9AF05000F8818D /* Frameworks */ = {
			isa = PBXFrameworksBuildPhase;
			buildActionMask = 2147483647;
			files = (
			);
			runOnlyForDeploymentPostprocessing = 0;
		};
/* End PBXFrameworksBuildPhase section */

/* Begin PBXGroup section */
		8131EACE1F9AF05000F8818D = {
			isa = PBXGroup;
			children = (
				81A4F3061F9C17320019DC8E /* SRC */,
				8131EAD91F9AF05000F8818D /* SGKit */,
				8131EAD81F9AF05000F8818D /* Products */,
			);
			sourceTree = "<group>";
		};
		8131EAD81F9AF05000F8818D /* Products */ = {
			isa = PBXGroup;
			children = (
				8131EAD71F9AF05000F8818D /* SGKit.app */,
			);
			name = Products;
			sourceTree = "<group>";
		};
		8131EAD91F9AF05000F8818D /* SGKit */ = {
			isa = PBXGroup;
			children = (
				8131EADA1F9AF05000F8818D /* AppDelegate.h */,
				8131EADB1F9AF05000F8818D /* AppDelegate.m */,
				8131EADD1F9AF05000F8818D /* ViewController.h */,
				8131EADE1F9AF05000F8818D /* ViewController.m */,
				8131EAE01F9AF05000F8818D /* Main.storyboard */,
				8131EAE31F9AF05000F8818D /* Assets.xcassets */,
				8131EAE51F9AF05000F8818D /* LaunchScreen.storyboard */,
				8131EAE81F9AF05000F8818D /* Info.plist */,
				8131EAE91F9AF05000F8818D /* main.m */,
			);
			path = SGKit;
			sourceTree = "<group>";
		};
		81A4F3061F9C17320019DC8E /* SRC */ = {
			isa = PBXGroup;
			children = (
				81A4F3071F9C174D0019DC8E /* Category */,
			);
			path = SRC;
			sourceTree = "<group>";
		};
		81A4F3071F9C174D0019DC8E /* Category */ = {
			isa = PBXGroup;
			children = (
				81A4F3131F9C1D520019DC8E /* CSXCategory.h */,
				81A4F31D1F9C1D530019DC8E /* NSDate+CXSAdded.h */,
				81A4F31F1F9C1D530019DC8E /* NSDate+CXSAdded.m */,
				81A4F3111F9C1D520019DC8E /* NSLocale+CXSAdded.h */,
				81A4F3121F9C1D520019DC8E /* NSLocale+CXSAdded.m */,
				81A4F3151F9C1D520019DC8E /* NSNumber+CXSAdded.h */,
				81A4F3141F9C1D520019DC8E /* NSNumber+CXSAdded.m */,
				81A4F30E1F9C1D520019DC8E /* NSString+CXSAdded.h */,
				81A4F3211F9C1D540019DC8E /* NSString+CXSAdded.m */,
				81A4F30F1F9C1D520019DC8E /* NSURL+CXSAdd.h */,
				81A4F3241F9C1D540019DC8E /* NSURL+CXSAdd.m */,
				81A4F3161F9C1D520019DC8E /* UIApplication+CXSAdded.h */,
				81A4F3231F9C1D540019DC8E /* UIApplication+CXSAdded.m */,
				81A4F3181F9C1D530019DC8E /* UIButton+CXSAdded.h */,
				81A4F30B1F9C1D510019DC8E /* UIButton+CXSAdded.m */,
				81A4F3291F9C1D550019DC8E /* UIColor+CXSAdded.h */,
				81A4F31A1F9C1D530019DC8E /* UIColor+CXSAdded.m */,
				81A4F31B1F9C1D530019DC8E /* UIDevice+CXSAdded.h */,
				81A4F3171F9C1D520019DC8E /* UIDevice+CXSAdded.m */,
				81A4F31C1F9C1D530019DC8E /* UIFont+CXSAdd.h */,
				81A4F3201F9C1D530019DC8E /* UIFont+CXSAdd.m */,
				81A4F30D1F9C1D520019DC8E /* UIImage+CXSAdded.h */,
				81A4F3281F9C1D540019DC8E /* UIImage+CXSAdded.m */,
				81A4F3271F9C1D540019DC8E /* UIImage+RTTint.h */,
				81A4F3101F9C1D520019DC8E /* UIImage+RTTint.m */,
				81A4F3221F9C1D540019DC8E /* UIImageView+CXSAdd.h */,
				81A4F31E1F9C1D530019DC8E /* UIImageView+CXSAdd.m */,
				81A4F3251F9C1D540019DC8E /* UITableView+CXSAdded.h */,
				81A4F3261F9C1D540019DC8E /* UITableView+CXSAdded.m */,
				81A4F30C1F9C1D520019DC8E /* UITableViewCell+CXSAdded.h */,
				81A4F3191F9C1D530019DC8E /* UITableViewCell+CXSAdded.m */,
			);
			path = Category;
			sourceTree = "<group>";
		};
/* End PBXGroup section */

/* Begin PBXNativeTarget section */
		8131EAD61F9AF05000F8818D /* SGKit */ = {
			isa = PBXNativeTarget;
			buildConfigurationList = 8131EAED1F9AF05000F8818D /* Build configuration list for PBXNativeTarget "SGKit" */;
			buildPhases = (
				8131EAD31F9AF05000F8818D /* Sources */,
				8131EAD41F9AF05000F8818D /* Frameworks */,
				8131EAD51F9AF05000F8818D /* Resources */,
			);
			buildRules = (
			);
			dependencies = (
			);
			name = SGKit;
			productName = SGKit;
			productReference = 8131EAD71F9AF05000F8818D /* SGKit.app */;
			productType = "com.apple.product-type.application";
		};
/* End PBXNativeTarget section */

/* Begin PBXProject section */
		8131EACF1F9AF05000F8818D /* Project object */ = {
			isa = PBXProject;
			attributes = {
				LastUpgradeCheck = 0900;
				ORGANIZATIONNAME = chenxiaosong;
				TargetAttributes = {
					8131EAD61F9AF05000F8818D = {
						CreatedOnToolsVersion = 9.0;
						ProvisioningStyle = Automatic;
					};
				};
			};
			buildConfigurationList = 8131EAD21F9AF05000F8818D /* Build configuration list for PBXProject "SGKit" */;
			compatibilityVersion = "Xcode 8.0";
			developmentRegion = en;
			hasScannedForEncodings = 0;
			knownRegions = (
				en,
				Base,
			);
			mainGroup = 8131EACE1F9AF05000F8818D;
			productRefGroup = 8131EAD81F9AF05000F8818D /* Products */;
			projectDirPath = "";
			projectRoot = "";
			targets = (
				8131EAD61F9AF05000F8818D /* SGKit */,
			);
		};
/* End PBXProject section */

/* Begin PBXResourcesBuildPhase section */
		8131EAD51F9AF05000F8818D /* Resources */ = {
			isa = PBXResourcesBuildPhase;
			buildActionMask = 2147483647;
			files = (
				8131EAE71F9AF05000F8818D /* LaunchScreen.storyboard in Resources */,
				8131EAE41F9AF05000F8818D /* Assets.xcassets in Resources */,
				8131EAE21F9AF05000F8818D /* Main.storyboard in Resources */,
			);
			runOnlyForDeploymentPostprocessing = 0;
		};
/* End PBXResourcesBuildPhase section */

/* Begin PBXSourcesBuildPhase section */
		8131EAD31F9AF05000F8818D /* Sources */ = {
			isa = PBXSourcesBuildPhase;
			buildActionMask = 2147483647;
			files = (
				81A4F3311F9C1D550019DC8E /* UIImageView+CXSAdd.m in Sources */,
				81A4F3381F9C1D550019DC8E /* UIImage+CXSAdded.m in Sources */,
				81A4F3341F9C1D550019DC8E /* NSString+CXSAdded.m in Sources */,
				81A4F32C1F9C1D550019DC8E /* NSLocale+CXSAdded.m in Sources */,
				81A4F3331F9C1D550019DC8E /* UIFont+CXSAdd.m in Sources */,
				81A4F3321F9C1D550019DC8E /* NSDate+CXSAdded.m in Sources */,
				81A4F32D1F9C1D550019DC8E /* NSNumber+CXSAdded.m in Sources */,
				8131EADF1F9AF05000F8818D /* ViewController.m in Sources */,
				8131EAEA1F9AF05000F8818D /* main.m in Sources */,
				81A4F3351F9C1D550019DC8E /* UIApplication+CXSAdded.m in Sources */,
				81A4F32B1F9C1D550019DC8E /* UIImage+RTTint.m in Sources */,
				81A4F3371F9C1D550019DC8E /* UITableView+CXSAdded.m in Sources */,
				8131EADC1F9AF05000F8818D /* AppDelegate.m in Sources */,
				81A4F32A1F9C1D550019DC8E /* UIButton+CXSAdded.m in Sources */,
				81A4F3301F9C1D550019DC8E /* UIColor+CXSAdded.m in Sources */,
				81A4F32F1F9C1D550019DC8E /* UITableViewCell+CXSAdded.m in Sources */,
				81A4F32E1F9C1D550019DC8E /* UIDevice+CXSAdded.m in Sources */,
				81A4F3361F9C1D550019DC8E /* NSURL+CXSAdd.m in Sources */,
			);
			runOnlyForDeploymentPostprocessing = 0;
		};
/* End PBXSourcesBuildPhase section */

/* Begin PBXVariantGroup section */
		8131EAE01F9AF05000F8818D /* Main.storyboard */ = {
			isa = PBXVariantGroup;
			children = (
				8131EAE11F9AF05000F8818D /* Base */,
			);
			name = Main.storyboard;
			sourceTree = "<group>";
		};
		8131EAE51F9AF05000F8818D /* LaunchScreen.storyboard */ = {
			isa = PBXVariantGroup;
			children = (
				8131EAE61F9AF05000F8818D /* Base */,
			);
			name = LaunchScreen.storyboard;
			sourceTree = "<group>";
		};
/* End PBXVariantGroup section */

/* Begin XCBuildConfiguration section */
		8131EAEB1F9AF05000F8818D /* Debug */ = {
			isa = XCBuildConfiguration;
			buildSettings = {
				ALWAYS_SEARCH_USER_PATHS = NO;
				CLANG_ANALYZER_NONNULL = YES;
				CLANG_ANALYZER_NUMBER_OBJECT_CONVERSION = YES_AGGRESSIVE;
				CLANG_CXX_LANGUAGE_STANDARD = "gnu++14";
				CLANG_CXX_LIBRARY = "libc++";
				CLANG_ENABLE_MODULES = YES;
				CLANG_ENABLE_OBJC_ARC = YES;
				CLANG_WARN_BLOCK_CAPTURE_AUTORELEASING = YES;
				CLANG_WARN_BOOL_CONVERSION = YES;
				CLANG_WARN_COMMA = YES;
				CLANG_WARN_CONSTANT_CONVERSION = YES;
				CLANG_WARN_DIRECT_OBJC_ISA_USAGE = YES_ERROR;
				CLANG_WARN_DOCUMENTATION_COMMENTS = YES;
				CLANG_WARN_EMPTY_BODY = YES;
				CLANG_WARN_ENUM_CONVERSION = YES;
				CLANG_WARN_INFINITE_RECURSION = YES;
				CLANG_WARN_INT_CONVERSION = YES;
				CLANG_WARN_NON_LITERAL_NULL_CONVERSION = YES;
				CLANG_WARN_OBJC_LITERAL_CONVERSION = YES;
				CLANG_WARN_OBJC_ROOT_CLASS = YES_ERROR;
				CLANG_WARN_RANGE_LOOP_ANALYSIS = YES;
				CLANG_WARN_STRICT_PROTOTYPES = YES;
				CLANG_WARN_SUSPICIOUS_MOVE = YES;
				CLANG_WARN_UNGUARDED_AVAILABILITY = YES_AGGRESSIVE;
				CLANG_WARN_UNREACHABLE_CODE = YES;
				CLANG_WARN__DUPLICATE_METHOD_MATCH = YES;
				CODE_SIGN_IDENTITY = "iPhone Developer";
				COPY_PHASE_STRIP = NO;
				DEBUG_INFORMATION_FORMAT = dwarf;
				ENABLE_STRICT_OBJC_MSGSEND = YES;
				ENABLE_TESTABILITY = YES;
				GCC_C_LANGUAGE_STANDARD = gnu11;
				GCC_DYNAMIC_NO_PIC = NO;
				GCC_NO_COMMON_BLOCKS = YES;
				GCC_OPTIMIZATION_LEVEL = 0;
				GCC_PREPROCESSOR_DEFINITIONS = (
					"DEBUG=1",
					"$(inherited)",
				);
				GCC_WARN_64_TO_32_BIT_CONVERSION = YES;
				GCC_WARN_ABOUT_RETURN_TYPE = YES_ERROR;
				GCC_WARN_UNDECLARED_SELECTOR = YES;
				GCC_WARN_UNINITIALIZED_AUTOS = YES_AGGRESSIVE;
				GCC_WARN_UNUSED_FUNCTION = YES;
				GCC_WARN_UNUSED_VARIABLE = YES;
				IPHONEOS_DEPLOYMENT_TARGET = 8.0;
				MTL_ENABLE_DEBUG_INFO = YES;
				ONLY_ACTIVE_ARCH = YES;
				SDKROOT = iphoneos;
			};
			name = Debug;
		};
		8131EAEC1F9AF05000F8818D /* Release */ = {
			isa = XCBuildConfiguration;
			buildSettings = {
				ALWAYS_SEARCH_USER_PATHS = NO;
				CLANG_ANALYZER_NONNULL = YES;
				CLANG_ANALYZER_NUMBER_OBJECT_CONVERSION = YES_AGGRESSIVE;
				CLANG_CXX_LANGUAGE_STANDARD = "gnu++14";
				CLANG_CXX_LIBRARY = "libc++";
				CLANG_ENABLE_MODULES = YES;
				CLANG_ENABLE_OBJC_ARC = YES;
				CLANG_WARN_BLOCK_CAPTURE_AUTORELEASING = YES;
				CLANG_WARN_BOOL_CONVERSION = YES;
				CLANG_WARN_COMMA = YES;
				CLANG_WARN_CONSTANT_CONVERSION = YES;
				CLANG_WARN_DIRECT_OBJC_ISA_USAGE = YES_ERROR;
				CLANG_WARN_DOCUMENTATION_COMMENTS = YES;
				CLANG_WARN_EMPTY_BODY = YES;
				CLANG_WARN_ENUM_CONVERSION = YES;
				CLANG_WARN_INFINITE_RECURSION = YES;
				CLANG_WARN_INT_CONVERSION = YES;
				CLANG_WARN_NON_LITERAL_NULL_CONVERSION = YES;
				CLANG_WARN_OBJC_LITERAL_CONVERSION = YES;
				CLANG_WARN_OBJC_ROOT_CLASS = YES_ERROR;
				CLANG_WARN_RANGE_LOOP_ANALYSIS = YES;
				CLANG_WARN_STRICT_PROTOTYPES = YES;
				CLANG_WARN_SUSPICIOUS_MOVE = YES;
				CLANG_WARN_UNGUARDED_AVAILABILITY = YES_AGGRESSIVE;
				CLANG_WARN_UNREACHABLE_CODE = YES;
				CLANG_WARN__DUPLICATE_METHOD_MATCH = YES;
				CODE_SIGN_IDENTITY = "iPhone Developer";
				COPY_PHASE_STRIP = NO;
				DEBUG_INFORMATION_FORMAT = "dwarf-with-dsym";
				ENABLE_NS_ASSERTIONS = NO;
				ENABLE_STRICT_OBJC_MSGSEND = YES;
				GCC_C_LANGUAGE_STANDARD = gnu11;
				GCC_NO_COMMON_BLOCKS = YES;
				GCC_WARN_64_TO_32_BIT_CONVERSION = YES;
				GCC_WARN_ABOUT_RETURN_TYPE = YES_ERROR;
				GCC_WARN_UNDECLARED_SELECTOR = YES;
				GCC_WARN_UNINITIALIZED_AUTOS = YES_AGGRESSIVE;
				GCC_WARN_UNUSED_FUNCTION = YES;
				GCC_WARN_UNUSED_VARIABLE = YES;
				IPHONEOS_DEPLOYMENT_TARGET = 8.0;
				MTL_ENABLE_DEBUG_INFO = NO;
				SDKROOT = iphoneos;
				VALIDATE_PRODUCT = YES;
			};
			name = Release;
		};
		8131EAEE1F9AF05000F8818D /* Debug */ = {
			isa = XCBuildConfiguration;
			buildSettings = {
				ASSETCATALOG_COMPILER_APPICON_NAME = AppIcon;
				CODE_SIGN_STYLE = Automatic;
				DEVELOPMENT_TEAM = 28Z3NQ8CYP;
				INFOPLIST_FILE = SGKit/Info.plist;
				LD_RUNPATH_SEARCH_PATHS = "$(inherited) @executable_path/Frameworks";
				PRODUCT_BUNDLE_IDENTIFIER = com.hellosns.SGKit;
				PRODUCT_NAME = "$(TARGET_NAME)";
				TARGETED_DEVICE_FAMILY = "1,2";
			};
			name = Debug;
		};
		8131EAEF1F9AF05000F8818D /* Release */ = {
			isa = XCBuildConfiguration;
			buildSettings = {
				ASSETCATALOG_COMPILER_APPICON_NAME = AppIcon;
				CODE_SIGN_STYLE = Automatic;
				DEVELOPMENT_TEAM = 28Z3NQ8CYP;
				INFOPLIST_FILE = SGKit/Info.plist;
				LD_RUNPATH_SEARCH_PATHS = "$(inherited) @executable_path/Frameworks";
				PRODUCT_BUNDLE_IDENTIFIER = com.hellosns.SGKit;
				PRODUCT_NAME = "$(TARGET_NAME)";
				TARGETED_DEVICE_FAMILY = "1,2";
			};
			name = Release;
		};
/* End XCBuildConfiguration section */

/* Begin XCConfigurationList section */
		8131EAD21F9AF05000F8818D /* Build configuration list for PBXProject "SGKit" */ = {
			isa = XCConfigurationList;
			buildConfigurations = (
				8131EAEB1F9AF05000F8818D /* Debug */,
				8131EAEC1F9AF05000F8818D /* Release */,
			);
			defaultConfigurationIsVisible = 0;
			defaultConfigurationName = Release;
		};
		8131EAED1F9AF05000F8818D /* Build configuration list for PBXNativeTarget "SGKit" */ = {
			isa = XCConfigurationList;
			buildConfigurations = (
				8131EAEE1F9AF05000F8818D /* Debug */,
				8131EAEF1F9AF05000F8818D /* Release */,
			);
			defaultConfigurationIsVisible = 0;
			defaultConfigurationName = Release;
		};
/* End XCConfigurationList section */
	};
	rootObject = 8131EACF1F9AF05000F8818D /* Project object */;
}
